
Microsoft Visual Studio Solution File, Format Version 12.00
# Visual Studio Version 17
VisualStudioVersion = 17.8.34330.188
MinimumVisualStudioVersion = 10.0.40219.1
Project("{2150E333-8FDC-42A3-9474-1A3956D46DE8}") = "lession1", "lession1", "{38448EA7-4658-41F0-8095-4D3063B7375E}"
EndProject
Project("{FAE04EC0-301F-11D3-BF4B-00C04F79EFBC}") = "lession1", "..\lession1\lession1.csproj", "{EB101ED6-746B-4ACE-B105-8ED92F683ADC}"
EndProject
Global
	GlobalSection(SolutionConfigurationPlatforms) = preSolution
		Debug|Any CPU = Debug|Any CPU
		Release|Any CPU = Release|Any CPU
	EndGlobalSection
	GlobalSection(ProjectConfigurationPlatforms) = postSolution
		{EB101ED6-746B-4ACE-B105-8ED92F683ADC}.Debug|Any CPU.ActiveCfg = Debug|Any CPU
		{EB101ED6-746B-4ACE-B105-8ED92F683ADC}.Debug|Any CPU.Build.0 = Debug|Any CPU
		{EB101ED6-746B-4ACE-B105-8ED92F683ADC}.Release|Any CPU.ActiveCfg = Release|Any CPU
		{EB101ED6-746B-4ACE-B105-8ED92F683ADC}.Release|Any CPU.Build.0 = Release|Any CPU
	EndGlobalSection
	GlobalSection(SolutionProperties) = preSolution
		HideSolutionNode = FALSE
	EndGlobalSection
	GlobalSection(NestedProjects) = preSolution
		{EB101ED6-746B-4ACE-B105-8ED92F683ADC} = {38448EA7-4658-41F0-8095-4D3063B7375E}
	EndGlobalSection
	GlobalSection(ExtensibilityGlobals) = postSolution
		SolutionGuid = {E385DDDA-2D07-433C-9269-193A2DECF2EB}
	EndGlobalSection
EndGlobal
