
Microsoft Visual Studio Solution File, Format Version 12.00
# Visual Studio Version 17
VisualStudioVersion = 17.8.34330.188
MinimumVisualStudioVersion = 10.0.40219.1
Project("{2150E333-8FDC-42A3-9474-1A3956D46DE8}") = "lession_1", "lession_1", "{F203D3AE-C953-416A-B321-DFC603352644}"
EndProject
Project("{FAE04EC0-301F-11D3-BF4B-00C04F79EFBC}") = "bai1", "bai1\bai1.csproj", "{3D1D1C4D-E8FF-4C5B-9211-716F8F0351B9}"
EndProject
Global
	GlobalSection(SolutionConfigurationPlatforms) = preSolution
		Debug|Any CPU = Debug|Any CPU
		Release|Any CPU = Release|Any CPU
	EndGlobalSection
	GlobalSection(ProjectConfigurationPlatforms) = postSolution
		{3D1D1C4D-E8FF-4C5B-9211-716F8F0351B9}.Debug|Any CPU.ActiveCfg = Debug|Any CPU
		{3D1D1C4D-E8FF-4C5B-9211-716F8F0351B9}.Debug|Any CPU.Build.0 = Debug|Any CPU
		{3D1D1C4D-E8FF-4C5B-9211-716F8F0351B9}.Release|Any CPU.ActiveCfg = Release|Any CPU
		{3D1D1C4D-E8FF-4C5B-9211-716F8F0351B9}.Release|Any CPU.Build.0 = Release|Any CPU
	EndGlobalSection
	GlobalSection(SolutionProperties) = preSolution
		HideSolutionNode = FALSE
	EndGlobalSection
	GlobalSection(NestedProjects) = preSolution
		{3D1D1C4D-E8FF-4C5B-9211-716F8F0351B9} = {F203D3AE-C953-416A-B321-DFC603352644}
	EndGlobalSection
	GlobalSection(ExtensibilityGlobals) = postSolution
		SolutionGuid = {C817326F-5D24-4B57-93C2-42DDD3EEA055}
	EndGlobalSection
EndGlobal
